
Microsoft Visual Studio Solution File, Format Version 12.00
# Visual Studio Version 17
VisualStudioVersion = 17.11.35219.272
MinimumVisualStudioVersion = 10.0.40219.1
Project("{FAE04EC0-301F-11D3-BF4B-00C04F79EFBC}") = "Evaluacion", "Evaluacion\Evaluacion.csproj", "{F47569C9-CA78-491B-A17B-C4B8BA6217DE}"
EndProject
Global
	GlobalSection(SolutionConfigurationPlatforms) = preSolution
		Debug|Any CPU = Debug|Any CPU
		Release|Any CPU = Release|Any CPU
	EndGlobalSection
	GlobalSection(ProjectConfigurationPlatforms) = postSolution
		{F47569C9-CA78-491B-A17B-C4B8BA6217DE}.Debug|Any CPU.ActiveCfg = Debug|Any CPU
		{F47569C9-CA78-491B-A17B-C4B8BA6217DE}.Debug|Any CPU.Build.0 = Debug|Any CPU
		{F47569C9-CA78-491B-A17B-C4B8BA6217DE}.Release|Any CPU.ActiveCfg = Release|Any CPU
		{F47569C9-CA78-491B-A17B-C4B8BA6217DE}.Release|Any CPU.Build.0 = Release|Any CPU
	EndGlobalSection
	GlobalSection(SolutionProperties) = preSolution
		HideSolutionNode = FALSE
	EndGlobalSection
	GlobalSection(ExtensibilityGlobals) = postSolution
		SolutionGuid = {7222ACF5-4C15-4B6F-B705-B4F8E5163862}
	EndGlobalSection
EndGlobal
